// !$*UTF8*$!
{
	archiveVersion = 1;
	classes = {
	};
	objectVersion = 46;
	objects = {

/* Begin PBXBuildFile section */
		27A049EE18AAF3BE00A71C75 /* CustomMPMoviePlayerViewController.m in Sources */ = {isa = PBXBuildFile; fileRef = 27A049ED18AAF3BE00A71C75 /* CustomMPMoviePlayerViewController.m */; };
		F5F323C618A44F7F004F0EF9 /* Foundation.framework in Frameworks */ = {isa = PBXBuildFile; fileRef = F5F323C518A44F7F004F0EF9 /* Foundation.framework */; };
		F5F323C818A44F7F004F0EF9 /* CoreGraphics.framework in Frameworks */ = {isa = PBXBuildFile; fileRef = F5F323C718A44F7F004F0EF9 /* CoreGraphics.framework */; };
		F5F323CA18A44F7F004F0EF9 /* UIKit.framework in Frameworks */ = {isa = PBXBuildFile; fileRef = F5F323C918A44F7F004F0EF9 /* UIKit.framework */; };
		F5F323D018A44F7F004F0EF9 /* InfoPlist.strings in Resources */ = {isa = PBXBuildFile; fileRef = F5F323CE18A44F7F004F0EF9 /* InfoPlist.strings */; };
		F5F323D218A44F7F004F0EF9 /* main.m in Sources */ = {isa = PBXBuildFile; fileRef = F5F323D118A44F7F004F0EF9 /* main.m */; };
		F5F323D618A44F7F004F0EF9 /* AppDelegate.m in Sources */ = {isa = PBXBuildFile; fileRef = F5F323D518A44F7F004F0EF9 /* AppDelegate.m */; };
		F5F323D918A44F7F004F0EF9 /* Main.storyboard in Resources */ = {isa = PBXBuildFile; fileRef = F5F323D718A44F7F004F0EF9 /* Main.storyboard */; };
		F5F323DC18A44F7F004F0EF9 /* ViewController.m in Sources */ = {isa = PBXBuildFile; fileRef = F5F323DB18A44F7F004F0EF9 /* ViewController.m */; };
		F5F323DE18A44F7F004F0EF9 /* Images.xcassets in Resources */ = {isa = PBXBuildFile; fileRef = F5F323DD18A44F7F004F0EF9 /* Images.xcassets */; };
		F5F323E518A44F7F004F0EF9 /* XCTest.framework in Frameworks */ = {isa = PBXBuildFile; fileRef = F5F323E418A44F7F004F0EF9 /* XCTest.framework */; };
		F5F323E618A44F7F004F0EF9 /* Foundation.framework in Frameworks */ = {isa = PBXBuildFile; fileRef = F5F323C518A44F7F004F0EF9 /* Foundation.framework */; };
		F5F323E718A44F7F004F0EF9 /* UIKit.framework in Frameworks */ = {isa = PBXBuildFile; fileRef = F5F323C918A44F7F004F0EF9 /* UIKit.framework */; };
		F5F323EF18A44F7F004F0EF9 /* InfoPlist.strings in Resources */ = {isa = PBXBuildFile; fileRef = F5F323ED18A44F7F004F0EF9 /* InfoPlist.strings */; };
		F5F323F118A44F7F004F0EF9 /* mediasampleTests.m in Sources */ = {isa = PBXBuildFile; fileRef = F5F323F018A44F7F004F0EF9 /* mediasampleTests.m */; };
		F5F323FC18A45179004F0EF9 /* sample.mp3 in Resources */ = {isa = PBXBuildFile; fileRef = F5F323FB18A45179004F0EF9 /* sample.mp3 */; };
		F5F323FE18A4529F004F0EF9 /* AVFoundation.framework in Frameworks */ = {isa = PBXBuildFile; fileRef = F5F323FD18A4529F004F0EF9 /* AVFoundation.framework */; };
		F5F3240018A46D04004F0EF9 /* MediaPlayer.framework in Frameworks */ = {isa = PBXBuildFile; fileRef = F5F323FF18A46D04004F0EF9 /* MediaPlayer.framework */; };
/* End PBXBuildFile section */

/* Begin PBXContainerItemProxy section */
		F5F323E818A44F7F004F0EF9 /* PBXContainerItemProxy */ = {
			isa = PBXContainerItemProxy;
			containerPortal = F5F323BA18A44F7F004F0EF9 /* Project object */;
			proxyType = 1;
			remoteGlobalIDString = F5F323C118A44F7F004F0EF9;
			remoteInfo = mediasample;
		};
/* End PBXContainerItemProxy section */

/* Begin PBXFileReference section */
		27A049EC18AAF3BE00A71C75 /* CustomMPMoviePlayerViewController.h */ = {isa = PBXFileReference; fileEncoding = 4; lastKnownFileType = sourcecode.c.h; path = CustomMPMoviePlayerViewController.h; sourceTree = "<group>"; };
		27A049ED18AAF3BE00A71C75 /* CustomMPMoviePlayerViewController.m */ = {isa = PBXFileReference; fileEncoding = 4; lastKnownFileType = sourcecode.c.objc; path = CustomMPMoviePlayerViewController.m; sourceTree = "<group>"; };
		27A049EF18AB015200A71C75 /* MobileCoreServices.framework */ = {isa = PBXFileReference; lastKnownFileType = wrapper.framework; name = MobileCoreServices.framework; path = System/Library/Frameworks/MobileCoreServices.framework; sourceTree = SDKROOT; };
		F5F323C218A44F7F004F0EF9 /* mediasample.app */ = {isa = PBXFileReference; explicitFileType = wrapper.application; includeInIndex = 0; path = mediasample.app; sourceTree = BUILT_PRODUCTS_DIR; };
		F5F323C518A44F7F004F0EF9 /* Foundation.framework */ = {isa = PBXFileReference; lastKnownFileType = wrapper.framework; name = Foundation.framework; path = System/Library/Frameworks/Foundation.framework; sourceTree = SDKROOT; };
		F5F323C718A44F7F004F0EF9 /* CoreGraphics.framework */ = {isa = PBXFileReference; lastKnownFileType = wrapper.framework; name = CoreGraphics.framework; path = System/Library/Frameworks/CoreGraphics.framework; sourceTree = SDKROOT; };
		F5F323C918A44F7F004F0EF9 /* UIKit.framework */ = {isa = PBXFileReference; lastKnownFileType = wrapper.framework; name = UIKit.framework; path = System/Library/Frameworks/UIKit.framework; sourceTree = SDKROOT; };
		F5F323CD18A44F7F004F0EF9 /* mediasample-Info.plist */ = {isa = PBXFileReference; lastKnownFileType = text.plist.xml; path = "mediasample-Info.plist"; sourceTree = "<group>"; };
		F5F323CF18A44F7F004F0EF9 /* en */ = {isa = PBXFileReference; lastKnownFileType = text.plist.strings; name = en; path = en.lproj/InfoPlist.strings; sourceTree = "<group>"; };
		F5F323D118A44F7F004F0EF9 /* main.m */ = {isa = PBXFileReference; lastKnownFileType = sourcecode.c.objc; path = main.m; sourceTree = "<group>"; };
		F5F323D318A44F7F004F0EF9 /* mediasample-Prefix.pch */ = {isa = PBXFileReference; lastKnownFileType = sourcecode.c.h; path = "mediasample-Prefix.pch"; sourceTree = "<group>"; };
		F5F323D418A44F7F004F0EF9 /* AppDelegate.h */ = {isa = PBXFileReference; lastKnownFileType = sourcecode.c.h; path = AppDelegate.h; sourceTree = "<group>"; };
		F5F323D518A44F7F004F0EF9 /* AppDelegate.m */ = {isa = PBXFileReference; lastKnownFileType = sourcecode.c.objc; path = AppDelegate.m; sourceTree = "<group>"; };
		F5F323D818A44F7F004F0EF9 /* Base */ = {isa = PBXFileReference; lastKnownFileType = file.storyboard; name = Base; path = Base.lproj/Main.storyboard; sourceTree = "<group>"; };
		F5F323DA18A44F7F004F0EF9 /* ViewController.h */ = {isa = PBXFileReference; lastKnownFileType = sourcecode.c.h; path = ViewController.h; sourceTree = "<group>"; };
		F5F323DB18A44F7F004F0EF9 /* ViewController.m */ = {isa = PBXFileReference; lastKnownFileType = sourcecode.c.objc; path = ViewController.m; sourceTree = "<group>"; };
		F5F323DD18A44F7F004F0EF9 /* Images.xcassets */ = {isa = PBXFileReference; lastKnownFileType = folder.assetcatalog; path = Images.xcassets; sourceTree = "<group>"; };
		F5F323E318A44F7F004F0EF9 /* mediasampleTests.xctest */ = {isa = PBXFileReference; explicitFileType = wrapper.cfbundle; includeInIndex = 0; path = mediasampleTests.xctest; sourceTree = BUILT_PRODUCTS_DIR; };
		F5F323E418A44F7F004F0EF9 /* XCTest.framework */ = {isa = PBXFileReference; lastKnownFileType = wrapper.framework; name = XCTest.framework; path = Library/Frameworks/XCTest.framework; sourceTree = DEVELOPER_DIR; };
		F5F323EC18A44F7F004F0EF9 /* mediasampleTests-Info.plist */ = {isa = PBXFileReference; lastKnownFileType = text.plist.xml; path = "mediasampleTests-Info.plist"; sourceTree = "<group>"; };
		F5F323EE18A44F7F004F0EF9 /* en */ = {isa = PBXFileReference; lastKnownFileType = text.plist.strings; name = en; path = en.lproj/InfoPlist.strings; sourceTree = "<group>"; };
		F5F323F018A44F7F004F0EF9 /* mediasampleTests.m */ = {isa = PBXFileReference; lastKnownFileType = sourcecode.c.objc; path = mediasampleTests.m; sourceTree = "<group>"; };
		F5F323FB18A45179004F0EF9 /* sample.mp3 */ = {isa = PBXFileReference; lastKnownFileType = audio.mp3; path = sample.mp3; sourceTree = "<group>"; };
		F5F323FD18A4529F004F0EF9 /* AVFoundation.framework */ = {isa = PBXFileReference; lastKnownFileType = wrapper.framework; name = AVFoundation.framework; path = System/Library/Frameworks/AVFoundation.framework; sourceTree = SDKROOT; };
		F5F323FF18A46D04004F0EF9 /* MediaPlayer.framework */ = {isa = PBXFileReference; lastKnownFileType = wrapper.framework; name = MediaPlayer.framework; path = System/Library/Frameworks/MediaPlayer.framework; sourceTree = SDKROOT; };
/* End PBXFileReference section */

/* Begin PBXFrameworksBuildPhase section */
		F5F323BF18A44F7F004F0EF9 /* Frameworks */ = {
			isa = PBXFrameworksBuildPhase;
			buildActionMask = 2147483647;
			files = (
				F5F3240018A46D04004F0EF9 /* MediaPlayer.framework in Frameworks */,
				F5F323FE18A4529F004F0EF9 /* AVFoundation.framework in Frameworks */,
				F5F323C818A44F7F004F0EF9 /* CoreGraphics.framework in Frameworks */,
				F5F323CA18A44F7F004F0EF9 /* UIKit.framework in Frameworks */,
				F5F323C618A44F7F004F0EF9 /* Foundation.framework in Frameworks */,
			);
			runOnlyForDeploymentPostprocessing = 0;
		};
		F5F323E018A44F7F004F0EF9 /* Frameworks */ = {
			isa = PBXFrameworksBuildPhase;
			buildActionMask = 2147483647;
			files = (
				F5F323E518A44F7F004F0EF9 /* XCTest.framework in Frameworks */,
				F5F323E718A44F7F004F0EF9 /* UIKit.framework in Frameworks */,
				F5F323E618A44F7F004F0EF9 /* Foundation.framework in Frameworks */,
			);
			runOnlyForDeploymentPostprocessing = 0;
		};
/* End PBXFrameworksBuildPhase section */

/* Begin PBXGroup section */
		F5F323B918A44F7F004F0EF9 = {
			isa = PBXGroup;
			children = (
				F5F323CB18A44F7F004F0EF9 /* mediasample */,
				F5F323EA18A44F7F004F0EF9 /* mediasampleTests */,
				F5F323C418A44F7F004F0EF9 /* Frameworks */,
				F5F323C318A44F7F004F0EF9 /* Products */,
			);
			sourceTree = "<group>";
		};
		F5F323C318A44F7F004F0EF9 /* Products */ = {
			isa = PBXGroup;
			children = (
				F5F323C218A44F7F004F0EF9 /* mediasample.app */,
				F5F323E318A44F7F004F0EF9 /* mediasampleTests.xctest */,
			);
			name = Products;
			sourceTree = "<group>";
		};
		F5F323C418A44F7F004F0EF9 /* Frameworks */ = {
			isa = PBXGroup;
			children = (
				27A049EF18AB015200A71C75 /* MobileCoreServices.framework */,
				F5F323FF18A46D04004F0EF9 /* MediaPlayer.framework */,
				F5F323FD18A4529F004F0EF9 /* AVFoundation.framework */,
				F5F323C518A44F7F004F0EF9 /* Foundation.framework */,
				F5F323C718A44F7F004F0EF9 /* CoreGraphics.framework */,
				F5F323C918A44F7F004F0EF9 /* UIKit.framework */,
				F5F323E418A44F7F004F0EF9 /* XCTest.framework */,
			);
			name = Frameworks;
			sourceTree = "<group>";
		};
		F5F323CB18A44F7F004F0EF9 /* mediasample */ = {
			isa = PBXGroup;
			children = (
				F5F323D418A44F7F004F0EF9 /* AppDelegate.h */,
				F5F323D518A44F7F004F0EF9 /* AppDelegate.m */,
				F5F323D718A44F7F004F0EF9 /* Main.storyboard */,
				F5F323DA18A44F7F004F0EF9 /* ViewController.h */,
				F5F323DB18A44F7F004F0EF9 /* ViewController.m */,
				F5F323DD18A44F7F004F0EF9 /* Images.xcassets */,
				27A049EC18AAF3BE00A71C75 /* CustomMPMoviePlayerViewController.h */,
				27A049ED18AAF3BE00A71C75 /* CustomMPMoviePlayerViewController.m */,
				F5F323CC18A44F7F004F0EF9 /* Supporting Files */,
			);
			path = mediasample;
			sourceTree = "<group>";
		};
		F5F323CC18A44F7F004F0EF9 /* Supporting Files */ = {
			isa = PBXGroup;
			children = (
				F5F323FA18A45179004F0EF9 /* music */,
				F5F323CD18A44F7F004F0EF9 /* mediasample-Info.plist */,
				F5F323CE18A44F7F004F0EF9 /* InfoPlist.strings */,
				F5F323D118A44F7F004F0EF9 /* main.m */,
				F5F323D318A44F7F004F0EF9 /* mediasample-Prefix.pch */,
			);
			name = "Supporting Files";
			sourceTree = "<group>";
		};
		F5F323EA18A44F7F004F0EF9 /* mediasampleTests */ = {
			isa = PBXGroup;
			children = (
				F5F323F018A44F7F004F0EF9 /* mediasampleTests.m */,
				F5F323EB18A44F7F004F0EF9 /* Supporting Files */,
			);
			path = mediasampleTests;
			sourceTree = "<group>";
		};
		F5F323EB18A44F7F004F0EF9 /* Supporting Files */ = {
			isa = PBXGroup;
			children = (
				F5F323EC18A44F7F004F0EF9 /* mediasampleTests-Info.plist */,
				F5F323ED18A44F7F004F0EF9 /* InfoPlist.strings */,
			);
			name = "Supporting Files";
			sourceTree = "<group>";
		};
		F5F323FA18A45179004F0EF9 /* music */ = {
			isa = PBXGroup;
			children = (
				F5F323FB18A45179004F0EF9 /* sample.mp3 */,
			);
			path = music;
			sourceTree = "<group>";
		};
/* End PBXGroup section */

/* Begin PBXNativeTarget section */
		F5F323C118A44F7F004F0EF9 /* mediasample */ = {
			isa = PBXNativeTarget;
			buildConfigurationList = F5F323F418A44F7F004F0EF9 /* Build configuration list for PBXNativeTarget "mediasample" */;
			buildPhases = (
				F5F323BE18A44F7F004F0EF9 /* Sources */,
				F5F323BF18A44F7F004F0EF9 /* Frameworks */,
				F5F323C018A44F7F004F0EF9 /* Resources */,
			);
			buildRules = (
			);
			dependencies = (
			);
			name = mediasample;
			productName = mediasample;
			productReference = F5F323C218A44F7F004F0EF9 /* mediasample.app */;
			productType = "com.apple.product-type.application";
		};
		F5F323E218A44F7F004F0EF9 /* mediasampleTests */ = {
			isa = PBXNativeTarget;
			buildConfigurationList = F5F323F718A44F7F004F0EF9 /* Build configuration list for PBXNativeTarget "mediasampleTests" */;
			buildPhases = (
				F5F323DF18A44F7F004F0EF9 /* Sources */,
				F5F323E018A44F7F004F0EF9 /* Frameworks */,
				F5F323E118A44F7F004F0EF9 /* Resources */,
			);
			buildRules = (
			);
			dependencies = (
				F5F323E918A44F7F004F0EF9 /* PBXTargetDependency */,
			);
			name = mediasampleTests;
			productName = mediasampleTests;
			productReference = F5F323E318A44F7F004F0EF9 /* mediasampleTests.xctest */;
			productType = "com.apple.product-type.bundle.unit-test";
		};
/* End PBXNativeTarget section */

/* Begin PBXProject section */
		F5F323BA18A44F7F004F0EF9 /* Project object */ = {
			isa = PBXProject;
			attributes = {
				LastUpgradeCheck = 0500;
				ORGANIZATIONNAME = "Michael Campbell";
				TargetAttributes = {
					F5F323C118A44F7F004F0EF9 = {
						DevelopmentTeam = 5N2SDWCM3T;
					};
					F5F323E218A44F7F004F0EF9 = {
						TestTargetID = F5F323C118A44F7F004F0EF9;
					};
				};
			};
			buildConfigurationList = F5F323BD18A44F7F004F0EF9 /* Build configuration list for PBXProject "mediasample" */;
			compatibilityVersion = "Xcode 3.2";
			developmentRegion = English;
			hasScannedForEncodings = 0;
			knownRegions = (
				en,
				Base,
			);
			mainGroup = F5F323B918A44F7F004F0EF9;
			productRefGroup = F5F323C318A44F7F004F0EF9 /* Products */;
			projectDirPath = "";
			projectRoot = "";
			targets = (
				F5F323C118A44F7F004F0EF9 /* mediasample */,
				F5F323E218A44F7F004F0EF9 /* mediasampleTests */,
			);
		};
/* End PBXProject section */

/* Begin PBXResourcesBuildPhase section */
		F5F323C018A44F7F004F0EF9 /* Resources */ = {
			isa = PBXResourcesBuildPhase;
			buildActionMask = 2147483647;
			files = (
				F5F323DE18A44F7F004F0EF9 /* Images.xcassets in Resources */,
				F5F323D018A44F7F004F0EF9 /* InfoPlist.strings in Resources */,
				F5F323FC18A45179004F0EF9 /* sample.mp3 in Resources */,
				F5F323D918A44F7F004F0EF9 /* Main.storyboard in Resources */,
			);
			runOnlyForDeploymentPostprocessing = 0;
		};
		F5F323E118A44F7F004F0EF9 /* Resources */ = {
			isa = PBXResourcesBuildPhase;
			buildActionMask = 2147483647;
			files = (
				F5F323EF18A44F7F004F0EF9 /* InfoPlist.strings in Resources */,
			);
			runOnlyForDeploymentPostprocessing = 0;
		};
/* End PBXResourcesBuildPhase section */

/* Begin PBXSourcesBuildPhase section */
		F5F323BE18A44F7F004F0EF9 /* Sources */ = {
			isa = PBXSourcesBuildPhase;
			buildActionMask = 2147483647;
			files = (
				F5F323DC18A44F7F004F0EF9 /* ViewController.m in Sources */,
				F5F323D618A44F7F004F0EF9 /* AppDelegate.m in Sources */,
				27A049EE18AAF3BE00A71C75 /* CustomMPMoviePlayerViewController.m in Sources */,
				F5F323D218A44F7F004F0EF9 /* main.m in Sources */,
			);
			runOnlyForDeploymentPostprocessing = 0;
		};
		F5F323DF18A44F7F004F0EF9 /* Sources */ = {
			isa = PBXSourcesBuildPhase;
			buildActionMask = 2147483647;
			files = (
				F5F323F118A44F7F004F0EF9 /* mediasampleTests.m in Sources */,
			);
			runOnlyForDeploymentPostprocessing = 0;
		};
/* End PBXSourcesBuildPhase section */

/* Begin PBXTargetDependency section */
		F5F323E918A44F7F004F0EF9 /* PBXTargetDependency */ = {
			isa = PBXTargetDependency;
			target = F5F323C118A44F7F004F0EF9 /* mediasample */;
			targetProxy = F5F323E818A44F7F004F0EF9 /* PBXContainerItemProxy */;
		};
/* End PBXTargetDependency section */

/* Begin PBXVariantGroup section */
		F5F323CE18A44F7F004F0EF9 /* InfoPlist.strings */ = {
			isa = PBXVariantGroup;
			children = (
				F5F323CF18A44F7F004F0EF9 /* en */,
			);
			name = InfoPlist.strings;
			sourceTree = "<group>";
		};
		F5F323D718A44F7F004F0EF9 /* Main.storyboard */ = {
			isa = PBXVariantGroup;
			children = (
				F5F323D818A44F7F004F0EF9 /* Base */,
			);
			name = Main.storyboard;
			sourceTree = "<group>";
		};
		F5F323ED18A44F7F004F0EF9 /* InfoPlist.strings */ = {
			isa = PBXVariantGroup;
			children = (
				F5F323EE18A44F7F004F0EF9 /* en */,
			);
			name = InfoPlist.strings;
			sourceTree = "<group>";
		};
/* End PBXVariantGroup section */

/* Begin XCBuildConfiguration section */
		F5F323F218A44F7F004F0EF9 /* Debug */ = {
			isa = XCBuildConfiguration;
			buildSettings = {
				ALWAYS_SEARCH_USER_PATHS = NO;
				ARCHS = "$(ARCHS_STANDARD_INCLUDING_64_BIT)";
				CLANG_CXX_LANGUAGE_STANDARD = "gnu++0x";
				CLANG_CXX_LIBRARY = "libc++";
				CLANG_ENABLE_MODULES = YES;
				CLANG_ENABLE_OBJC_ARC = YES;
				CLANG_WARN_BOOL_CONVERSION = YES;
				CLANG_WARN_CONSTANT_CONVERSION = YES;
				CLANG_WARN_DIRECT_OBJC_ISA_USAGE = YES_ERROR;
				CLANG_WARN_EMPTY_BODY = YES;
				CLANG_WARN_ENUM_CONVERSION = YES;
				CLANG_WARN_INT_CONVERSION = YES;
				CLANG_WARN_OBJC_ROOT_CLASS = YES_ERROR;
				CLANG_WARN__DUPLICATE_METHOD_MATCH = YES;
				"CODE_SIGN_IDENTITY[sdk=iphoneos*]" = "iPhone Developer";
				COPY_PHASE_STRIP = NO;
				GCC_C_LANGUAGE_STANDARD = gnu99;
				GCC_DYNAMIC_NO_PIC = NO;
				GCC_OPTIMIZATION_LEVEL = 0;
				GCC_PREPROCESSOR_DEFINITIONS = (
					"DEBUG=1",
					"$(inherited)",
				);
				GCC_SYMBOLS_PRIVATE_EXTERN = NO;
				GCC_WARN_64_TO_32_BIT_CONVERSION = YES;
				GCC_WARN_ABOUT_RETURN_TYPE = YES_ERROR;
				GCC_WARN_UNDECLARED_SELECTOR = YES;
				GCC_WARN_UNINITIALIZED_AUTOS = YES;
				GCC_WARN_UNUSED_FUNCTION = YES;
				GCC_WARN_UNUSED_VARIABLE = YES;
				IPHONEOS_DEPLOYMENT_TARGET = 7.0;
				ONLY_ACTIVE_ARCH = YES;
				SDKROOT = iphoneos;
			};
			name = Debug;
		};
		F5F323F318A44F7F004F0EF9 /* Release */ = {
			isa = XCBuildConfiguration;
			buildSettings = {
				ALWAYS_SEARCH_USER_PATHS = NO;
				ARCHS = "$(ARCHS_STANDARD_INCLUDING_64_BIT)";
				CLANG_CXX_LANGUAGE_STANDARD = "gnu++0x";
				CLANG_CXX_LIBRARY = "libc++";
				CLANG_ENABLE_MODULES = YES;
				CLANG_ENABLE_OBJC_ARC = YES;
				CLANG_WARN_BOOL_CONVERSION = YES;
				CLANG_WARN_CONSTANT_CONVERSION = YES;
				CLANG_WARN_DIRECT_OBJC_ISA_USAGE = YES_ERROR;
				CLANG_WARN_EMPTY_BODY = YES;
				CLANG_WARN_ENUM_CONVERSION = YES;
				CLANG_WARN_INT_CONVERSION = YES;
				CLANG_WARN_OBJC_ROOT_CLASS = YES_ERROR;
				CLANG_WARN__DUPLICATE_METHOD_MATCH = YES;
				"CODE_SIGN_IDENTITY[sdk=iphoneos*]" = "iPhone Developer";
				COPY_PHASE_STRIP = YES;
				ENABLE_NS_ASSERTIONS = NO;
				GCC_C_LANGUAGE_STANDARD = gnu99;
				GCC_WARN_64_TO_32_BIT_CONVERSION = YES;
				GCC_WARN_ABOUT_RETURN_TYPE = YES_ERROR;
				GCC_WARN_UNDECLARED_SELECTOR = YES;
				GCC_WARN_UNINITIALIZED_AUTOS = YES;
				GCC_WARN_UNUSED_FUNCTION = YES;
				GCC_WARN_UNUSED_VARIABLE = YES;
				IPHONEOS_DEPLOYMENT_TARGET = 7.0;
				SDKROOT = iphoneos;
				VALIDATE_PRODUCT = YES;
			};
			name = Release;
		};
		F5F323F518A44F7F004F0EF9 /* Debug */ = {
			isa = XCBuildConfiguration;
			buildSettings = {
				ASSETCATALOG_COMPILER_APPICON_NAME = AppIcon;
				ASSETCATALOG_COMPILER_LAUNCHIMAGE_NAME = LaunchImage;
				CODE_SIGN_IDENTITY = "iPhone Developer";
				GCC_PRECOMPILE_PREFIX_HEADER = YES;
				GCC_PREFIX_HEADER = "mediasample/mediasample-Prefix.pch";
				INFOPLIST_FILE = "mediasample/mediasample-Info.plist";
				PRODUCT_NAME = "$(TARGET_NAME)";
				WRAPPER_EXTENSION = app;
			};
			name = Debug;
		};
		F5F323F618A44F7F004F0EF9 /* Release */ = {
			isa = XCBuildConfiguration;
			buildSettings = {
				ASSETCATALOG_COMPILER_APPICON_NAME = AppIcon;
				ASSETCATALOG_COMPILER_LAUNCHIMAGE_NAME = LaunchImage;
				CODE_SIGN_IDENTITY = "iPhone Developer";
				GCC_PRECOMPILE_PREFIX_HEADER = YES;
				GCC_PREFIX_HEADER = "mediasample/mediasample-Prefix.pch";
				INFOPLIST_FILE = "mediasample/mediasample-Info.plist";
				PRODUCT_NAME = "$(TARGET_NAME)";
				WRAPPER_EXTENSION = app;
			};
			name = Release;
		};
		F5F323F818A44F7F004F0EF9 /* Debug */ = {
			isa = XCBuildConfiguration;
			buildSettings = {
				ARCHS = "$(ARCHS_STANDARD_INCLUDING_64_BIT)";
				BUNDLE_LOADER = "$(BUILT_PRODUCTS_DIR)/mediasample.app/mediasample";
				FRAMEWORK_SEARCH_PATHS = (
					"$(SDKROOT)/Developer/Library/Frameworks",
					"$(inherited)",
					"$(DEVELOPER_FRAMEWORKS_DIR)",
				);
				GCC_PRECOMPILE_PREFIX_HEADER = YES;
				GCC_PREFIX_HEADER = "mediasample/mediasample-Prefix.pch";
				GCC_PREPROCESSOR_DEFINITIONS = (
					"DEBUG=1",
					"$(inherited)",
				);
				INFOPLIST_FILE = "mediasampleTests/mediasampleTests-Info.plist";
				PRODUCT_NAME = "$(TARGET_NAME)";
				TEST_HOST = "$(BUNDLE_LOADER)";
				WRAPPER_EXTENSION = xctest;
			};
			name = Debug;
		};
		F5F323F918A44F7F004F0EF9 /* Release */ = {
			isa = XCBuildConfiguration;
			buildSettings = {
				ARCHS = "$(ARCHS_STANDARD_INCLUDING_64_BIT)";
				BUNDLE_LOADER = "$(BUILT_PRODUCTS_DIR)/mediasample.app/mediasample";
				FRAMEWORK_SEARCH_PATHS = (
					"$(SDKROOT)/Developer/Library/Frameworks",
					"$(inherited)",
					"$(DEVELOPER_FRAMEWORKS_DIR)",
				);
				GCC_PRECOMPILE_PREFIX_HEADER = YES;
				GCC_PREFIX_HEADER = "mediasample/mediasample-Prefix.pch";
				INFOPLIST_FILE = "mediasampleTests/mediasampleTests-Info.plist";
				PRODUCT_NAME = "$(TARGET_NAME)";
				TEST_HOST = "$(BUNDLE_LOADER)";
				WRAPPER_EXTENSION = xctest;
			};
			name = Release;
		};
/* End XCBuildConfiguration section */

/* Begin XCConfigurationList section */
		F5F323BD18A44F7F004F0EF9 /* Build configuration list for PBXProject "mediasample" */ = {
			isa = XCConfigurationList;
			buildConfigurations = (
				F5F323F218A44F7F004F0EF9 /* Debug */,
				F5F323F318A44F7F004F0EF9 /* Release */,
			);
			defaultConfigurationIsVisible = 0;
			defaultConfigurationName = Release;
		};
		F5F323F418A44F7F004F0EF9 /* Build configuration list for PBXNativeTarget "mediasample" */ = {
			isa = XCConfigurationList;
			buildConfigurations = (
				F5F323F518A44F7F004F0EF9 /* Debug */,
				F5F323F618A44F7F004F0EF9 /* Release */,
			);
			defaultConfigurationIsVisible = 0;
			defaultConfigurationName = Release;
		};
		F5F323F718A44F7F004F0EF9 /* Build configuration list for PBXNativeTarget "mediasampleTests" */ = {
			isa = XCConfigurationList;
			buildConfigurations = (
				F5F323F818A44F7F004F0EF9 /* Debug */,
				F5F323F918A44F7F004F0EF9 /* Release */,
			);
			defaultConfigurationIsVisible = 0;
			defaultConfigurationName = Release;
		};
/* End XCConfigurationList section */
	};
	rootObject = F5F323BA18A44F7F004F0EF9 /* Project object */;
}
