// !$*UTF8*$!
{
	archiveVersion = 1;
	classes = {
	};
	objectVersion = 46;
	objects = {

/* Begin PBXBuildFile section */
		27A2ECE518B4229F00D7D6D7 /* Foundation.framework in Frameworks */ = {isa = PBXBuildFile; fileRef = 27A2ECE418B4229F00D7D6D7 /* Foundation.framework */; };
		27A2ECE718B4229F00D7D6D7 /* CoreGraphics.framework in Frameworks */ = {isa = PBXBuildFile; fileRef = 27A2ECE618B4229F00D7D6D7 /* CoreGraphics.framework */; };
		27A2ECE918B4229F00D7D6D7 /* UIKit.framework in Frameworks */ = {isa = PBXBuildFile; fileRef = 27A2ECE818B4229F00D7D6D7 /* UIKit.framework */; };
		27A2ECEF18B4229F00D7D6D7 /* InfoPlist.strings in Resources */ = {isa = PBXBuildFile; fileRef = 27A2ECED18B4229F00D7D6D7 /* InfoPlist.strings */; };
		27A2ECF118B4229F00D7D6D7 /* main.m in Sources */ = {isa = PBXBuildFile; fileRef = 27A2ECF018B4229F00D7D6D7 /* main.m */; };
		27A2ECF518B4229F00D7D6D7 /* AppDelegate.m in Sources */ = {isa = PBXBuildFile; fileRef = 27A2ECF418B4229F00D7D6D7 /* AppDelegate.m */; };
		27A2ECF818B4229F00D7D6D7 /* Main.storyboard in Resources */ = {isa = PBXBuildFile; fileRef = 27A2ECF618B4229F00D7D6D7 /* Main.storyboard */; };
		27A2ECFB18B4229F00D7D6D7 /* ViewController.m in Sources */ = {isa = PBXBuildFile; fileRef = 27A2ECFA18B4229F00D7D6D7 /* ViewController.m */; };
		27A2ECFD18B4229F00D7D6D7 /* Images.xcassets in Resources */ = {isa = PBXBuildFile; fileRef = 27A2ECFC18B4229F00D7D6D7 /* Images.xcassets */; };
		27A2ED0418B4229F00D7D6D7 /* XCTest.framework in Frameworks */ = {isa = PBXBuildFile; fileRef = 27A2ED0318B4229F00D7D6D7 /* XCTest.framework */; };
		27A2ED0518B4229F00D7D6D7 /* Foundation.framework in Frameworks */ = {isa = PBXBuildFile; fileRef = 27A2ECE418B4229F00D7D6D7 /* Foundation.framework */; };
		27A2ED0618B4229F00D7D6D7 /* UIKit.framework in Frameworks */ = {isa = PBXBuildFile; fileRef = 27A2ECE818B4229F00D7D6D7 /* UIKit.framework */; };
		27A2ED0E18B4229F00D7D6D7 /* InfoPlist.strings in Resources */ = {isa = PBXBuildFile; fileRef = 27A2ED0C18B4229F00D7D6D7 /* InfoPlist.strings */; };
		27A2ED1018B4229F00D7D6D7 /* accelerometersampleTests.m in Sources */ = {isa = PBXBuildFile; fileRef = 27A2ED0F18B4229F00D7D6D7 /* accelerometersampleTests.m */; };
		27A2ED1A18B422F900D7D6D7 /* CoreMotion.framework in Frameworks */ = {isa = PBXBuildFile; fileRef = 27A2ED1918B422F900D7D6D7 /* CoreMotion.framework */; };
		27A3BA5818B438E600AF669C /* StoreKit.framework in Frameworks */ = {isa = PBXBuildFile; fileRef = 27A3BA5718B438E500AF669C /* StoreKit.framework */; };
		27A3BA5B18B4397600AF669C /* MKStoreHandler.m in Sources */ = {isa = PBXBuildFile; fileRef = 27A3BA5A18B4397600AF669C /* MKStoreHandler.m */; };
		27A3BA5E18B4398400AF669C /* MKStoreManager.m in Sources */ = {isa = PBXBuildFile; fileRef = 27A3BA5D18B4398400AF669C /* MKStoreManager.m */; };
/* End PBXBuildFile section */

/* Begin PBXContainerItemProxy section */
		27A2ED0718B4229F00D7D6D7 /* PBXContainerItemProxy */ = {
			isa = PBXContainerItemProxy;
			containerPortal = 27A2ECD918B4229F00D7D6D7 /* Project object */;
			proxyType = 1;
			remoteGlobalIDString = 27A2ECE018B4229F00D7D6D7;
			remoteInfo = accelerometersample;
		};
/* End PBXContainerItemProxy section */

/* Begin PBXFileReference section */
		27A2ECE118B4229F00D7D6D7 /* accelerometersample.app */ = {isa = PBXFileReference; explicitFileType = wrapper.application; includeInIndex = 0; path = accelerometersample.app; sourceTree = BUILT_PRODUCTS_DIR; };
		27A2ECE418B4229F00D7D6D7 /* Foundation.framework */ = {isa = PBXFileReference; lastKnownFileType = wrapper.framework; name = Foundation.framework; path = System/Library/Frameworks/Foundation.framework; sourceTree = SDKROOT; };
		27A2ECE618B4229F00D7D6D7 /* CoreGraphics.framework */ = {isa = PBXFileReference; lastKnownFileType = wrapper.framework; name = CoreGraphics.framework; path = System/Library/Frameworks/CoreGraphics.framework; sourceTree = SDKROOT; };
		27A2ECE818B4229F00D7D6D7 /* UIKit.framework */ = {isa = PBXFileReference; lastKnownFileType = wrapper.framework; name = UIKit.framework; path = System/Library/Frameworks/UIKit.framework; sourceTree = SDKROOT; };
		27A2ECEC18B4229F00D7D6D7 /* accelerometersample-Info.plist */ = {isa = PBXFileReference; lastKnownFileType = text.plist.xml; path = "accelerometersample-Info.plist"; sourceTree = "<group>"; };
		27A2ECEE18B4229F00D7D6D7 /* en */ = {isa = PBXFileReference; lastKnownFileType = text.plist.strings; name = en; path = en.lproj/InfoPlist.strings; sourceTree = "<group>"; };
		27A2ECF018B4229F00D7D6D7 /* main.m */ = {isa = PBXFileReference; lastKnownFileType = sourcecode.c.objc; path = main.m; sourceTree = "<group>"; };
		27A2ECF218B4229F00D7D6D7 /* accelerometersample-Prefix.pch */ = {isa = PBXFileReference; lastKnownFileType = sourcecode.c.h; path = "accelerometersample-Prefix.pch"; sourceTree = "<group>"; };
		27A2ECF318B4229F00D7D6D7 /* AppDelegate.h */ = {isa = PBXFileReference; lastKnownFileType = sourcecode.c.h; path = AppDelegate.h; sourceTree = "<group>"; };
		27A2ECF418B4229F00D7D6D7 /* AppDelegate.m */ = {isa = PBXFileReference; lastKnownFileType = sourcecode.c.objc; path = AppDelegate.m; sourceTree = "<group>"; };
		27A2ECF718B4229F00D7D6D7 /* Base */ = {isa = PBXFileReference; lastKnownFileType = file.storyboard; name = Base; path = Base.lproj/Main.storyboard; sourceTree = "<group>"; };
		27A2ECF918B4229F00D7D6D7 /* ViewController.h */ = {isa = PBXFileReference; lastKnownFileType = sourcecode.c.h; path = ViewController.h; sourceTree = "<group>"; };
		27A2ECFA18B4229F00D7D6D7 /* ViewController.m */ = {isa = PBXFileReference; lastKnownFileType = sourcecode.c.objc; path = ViewController.m; sourceTree = "<group>"; };
		27A2ECFC18B4229F00D7D6D7 /* Images.xcassets */ = {isa = PBXFileReference; lastKnownFileType = folder.assetcatalog; path = Images.xcassets; sourceTree = "<group>"; };
		27A2ED0218B4229F00D7D6D7 /* accelerometersampleTests.xctest */ = {isa = PBXFileReference; explicitFileType = wrapper.cfbundle; includeInIndex = 0; path = accelerometersampleTests.xctest; sourceTree = BUILT_PRODUCTS_DIR; };
		27A2ED0318B4229F00D7D6D7 /* XCTest.framework */ = {isa = PBXFileReference; lastKnownFileType = wrapper.framework; name = XCTest.framework; path = Library/Frameworks/XCTest.framework; sourceTree = DEVELOPER_DIR; };
		27A2ED0B18B4229F00D7D6D7 /* accelerometersampleTests-Info.plist */ = {isa = PBXFileReference; lastKnownFileType = text.plist.xml; path = "accelerometersampleTests-Info.plist"; sourceTree = "<group>"; };
		27A2ED0D18B4229F00D7D6D7 /* en */ = {isa = PBXFileReference; lastKnownFileType = text.plist.strings; name = en; path = en.lproj/InfoPlist.strings; sourceTree = "<group>"; };
		27A2ED0F18B4229F00D7D6D7 /* accelerometersampleTests.m */ = {isa = PBXFileReference; lastKnownFileType = sourcecode.c.objc; path = accelerometersampleTests.m; sourceTree = "<group>"; };
		27A2ED1918B422F900D7D6D7 /* CoreMotion.framework */ = {isa = PBXFileReference; lastKnownFileType = wrapper.framework; name = CoreMotion.framework; path = System/Library/Frameworks/CoreMotion.framework; sourceTree = SDKROOT; };
		27A3BA5718B438E500AF669C /* StoreKit.framework */ = {isa = PBXFileReference; lastKnownFileType = wrapper.framework; name = StoreKit.framework; path = System/Library/Frameworks/StoreKit.framework; sourceTree = SDKROOT; };
		27A3BA5918B4397600AF669C /* MKStoreHandler.h */ = {isa = PBXFileReference; fileEncoding = 4; lastKnownFileType = sourcecode.c.h; path = MKStoreHandler.h; sourceTree = "<group>"; };
		27A3BA5A18B4397600AF669C /* MKStoreHandler.m */ = {isa = PBXFileReference; fileEncoding = 4; lastKnownFileType = sourcecode.c.objc; path = MKStoreHandler.m; sourceTree = "<group>"; };
		27A3BA5C18B4398400AF669C /* MKStoreManager.h */ = {isa = PBXFileReference; fileEncoding = 4; lastKnownFileType = sourcecode.c.h; path = MKStoreManager.h; sourceTree = "<group>"; };
		27A3BA5D18B4398400AF669C /* MKStoreManager.m */ = {isa = PBXFileReference; fileEncoding = 4; lastKnownFileType = sourcecode.c.objc; path = MKStoreManager.m; sourceTree = "<group>"; };
/* End PBXFileReference section */

/* Begin PBXFrameworksBuildPhase section */
		27A2ECDE18B4229F00D7D6D7 /* Frameworks */ = {
			isa = PBXFrameworksBuildPhase;
			buildActionMask = 2147483647;
			files = (
				27A3BA5818B438E600AF669C /* StoreKit.framework in Frameworks */,
				27A2ED1A18B422F900D7D6D7 /* CoreMotion.framework in Frameworks */,
				27A2ECE718B4229F00D7D6D7 /* CoreGraphics.framework in Frameworks */,
				27A2ECE918B4229F00D7D6D7 /* UIKit.framework in Frameworks */,
				27A2ECE518B4229F00D7D6D7 /* Foundation.framework in Frameworks */,
			);
			runOnlyForDeploymentPostprocessing = 0;
		};
		27A2ECFF18B4229F00D7D6D7 /* Frameworks */ = {
			isa = PBXFrameworksBuildPhase;
			buildActionMask = 2147483647;
			files = (
				27A2ED0418B4229F00D7D6D7 /* XCTest.framework in Frameworks */,
				27A2ED0618B4229F00D7D6D7 /* UIKit.framework in Frameworks */,
				27A2ED0518B4229F00D7D6D7 /* Foundation.framework in Frameworks */,
			);
			runOnlyForDeploymentPostprocessing = 0;
		};
/* End PBXFrameworksBuildPhase section */

/* Begin PBXGroup section */
		27A2ECD818B4229F00D7D6D7 = {
			isa = PBXGroup;
			children = (
				27A2ECEA18B4229F00D7D6D7 /* accelerometersample */,
				27A2ED0918B4229F00D7D6D7 /* accelerometersampleTests */,
				27A2ECE318B4229F00D7D6D7 /* Frameworks */,
				27A2ECE218B4229F00D7D6D7 /* Products */,
			);
			sourceTree = "<group>";
		};
		27A2ECE218B4229F00D7D6D7 /* Products */ = {
			isa = PBXGroup;
			children = (
				27A2ECE118B4229F00D7D6D7 /* accelerometersample.app */,
				27A2ED0218B4229F00D7D6D7 /* accelerometersampleTests.xctest */,
			);
			name = Products;
			sourceTree = "<group>";
		};
		27A2ECE318B4229F00D7D6D7 /* Frameworks */ = {
			isa = PBXGroup;
			children = (
				27A3BA5718B438E500AF669C /* StoreKit.framework */,
				27A2ED1918B422F900D7D6D7 /* CoreMotion.framework */,
				27A2ECE418B4229F00D7D6D7 /* Foundation.framework */,
				27A2ECE618B4229F00D7D6D7 /* CoreGraphics.framework */,
				27A2ECE818B4229F00D7D6D7 /* UIKit.framework */,
				27A2ED0318B4229F00D7D6D7 /* XCTest.framework */,
			);
			name = Frameworks;
			sourceTree = "<group>";
		};
		27A2ECEA18B4229F00D7D6D7 /* accelerometersample */ = {
			isa = PBXGroup;
			children = (
				27A2ECF318B4229F00D7D6D7 /* AppDelegate.h */,
				27A2ECF418B4229F00D7D6D7 /* AppDelegate.m */,
				27A2ECF618B4229F00D7D6D7 /* Main.storyboard */,
				27A2ECF918B4229F00D7D6D7 /* ViewController.h */,
				27A2ECFA18B4229F00D7D6D7 /* ViewController.m */,
				27A2ECFC18B4229F00D7D6D7 /* Images.xcassets */,
				27A2ECEB18B4229F00D7D6D7 /* Supporting Files */,
				27A3BA5918B4397600AF669C /* MKStoreHandler.h */,
				27A3BA5A18B4397600AF669C /* MKStoreHandler.m */,
				27A3BA5C18B4398400AF669C /* MKStoreManager.h */,
				27A3BA5D18B4398400AF669C /* MKStoreManager.m */,
			);
			path = accelerometersample;
			sourceTree = "<group>";
		};
		27A2ECEB18B4229F00D7D6D7 /* Supporting Files */ = {
			isa = PBXGroup;
			children = (
				27A2ECEC18B4229F00D7D6D7 /* accelerometersample-Info.plist */,
				27A2ECED18B4229F00D7D6D7 /* InfoPlist.strings */,
				27A2ECF018B4229F00D7D6D7 /* main.m */,
				27A2ECF218B4229F00D7D6D7 /* accelerometersample-Prefix.pch */,
			);
			name = "Supporting Files";
			sourceTree = "<group>";
		};
		27A2ED0918B4229F00D7D6D7 /* accelerometersampleTests */ = {
			isa = PBXGroup;
			children = (
				27A2ED0F18B4229F00D7D6D7 /* accelerometersampleTests.m */,
				27A2ED0A18B4229F00D7D6D7 /* Supporting Files */,
			);
			path = accelerometersampleTests;
			sourceTree = "<group>";
		};
		27A2ED0A18B4229F00D7D6D7 /* Supporting Files */ = {
			isa = PBXGroup;
			children = (
				27A2ED0B18B4229F00D7D6D7 /* accelerometersampleTests-Info.plist */,
				27A2ED0C18B4229F00D7D6D7 /* InfoPlist.strings */,
			);
			name = "Supporting Files";
			sourceTree = "<group>";
		};
/* End PBXGroup section */

/* Begin PBXNativeTarget section */
		27A2ECE018B4229F00D7D6D7 /* accelerometersample */ = {
			isa = PBXNativeTarget;
			buildConfigurationList = 27A2ED1318B4229F00D7D6D7 /* Build configuration list for PBXNativeTarget "accelerometersample" */;
			buildPhases = (
				27A2ECDD18B4229F00D7D6D7 /* Sources */,
				27A2ECDE18B4229F00D7D6D7 /* Frameworks */,
				27A2ECDF18B4229F00D7D6D7 /* Resources */,
			);
			buildRules = (
			);
			dependencies = (
			);
			name = accelerometersample;
			productName = accelerometersample;
			productReference = 27A2ECE118B4229F00D7D6D7 /* accelerometersample.app */;
			productType = "com.apple.product-type.application";
		};
		27A2ED0118B4229F00D7D6D7 /* accelerometersampleTests */ = {
			isa = PBXNativeTarget;
			buildConfigurationList = 27A2ED1618B4229F00D7D6D7 /* Build configuration list for PBXNativeTarget "accelerometersampleTests" */;
			buildPhases = (
				27A2ECFE18B4229F00D7D6D7 /* Sources */,
				27A2ECFF18B4229F00D7D6D7 /* Frameworks */,
				27A2ED0018B4229F00D7D6D7 /* Resources */,
			);
			buildRules = (
			);
			dependencies = (
				27A2ED0818B4229F00D7D6D7 /* PBXTargetDependency */,
			);
			name = accelerometersampleTests;
			productName = accelerometersampleTests;
			productReference = 27A2ED0218B4229F00D7D6D7 /* accelerometersampleTests.xctest */;
			productType = "com.apple.product-type.bundle.unit-test";
		};
/* End PBXNativeTarget section */

/* Begin PBXProject section */
		27A2ECD918B4229F00D7D6D7 /* Project object */ = {
			isa = PBXProject;
			attributes = {
				LastUpgradeCheck = 0500;
				ORGANIZATIONNAME = "Michael Campbell";
				TargetAttributes = {
					27A2ECE018B4229F00D7D6D7 = {
						DevelopmentTeam = 5N2SDWCM3T;
					};
					27A2ED0118B4229F00D7D6D7 = {
						TestTargetID = 27A2ECE018B4229F00D7D6D7;
					};
				};
			};
			buildConfigurationList = 27A2ECDC18B4229F00D7D6D7 /* Build configuration list for PBXProject "accelerometersample" */;
			compatibilityVersion = "Xcode 3.2";
			developmentRegion = English;
			hasScannedForEncodings = 0;
			knownRegions = (
				en,
				Base,
			);
			mainGroup = 27A2ECD818B4229F00D7D6D7;
			productRefGroup = 27A2ECE218B4229F00D7D6D7 /* Products */;
			projectDirPath = "";
			projectRoot = "";
			targets = (
				27A2ECE018B4229F00D7D6D7 /* accelerometersample */,
				27A2ED0118B4229F00D7D6D7 /* accelerometersampleTests */,
			);
		};
/* End PBXProject section */

/* Begin PBXResourcesBuildPhase section */
		27A2ECDF18B4229F00D7D6D7 /* Resources */ = {
			isa = PBXResourcesBuildPhase;
			buildActionMask = 2147483647;
			files = (
				27A2ECFD18B4229F00D7D6D7 /* Images.xcassets in Resources */,
				27A2ECEF18B4229F00D7D6D7 /* InfoPlist.strings in Resources */,
				27A2ECF818B4229F00D7D6D7 /* Main.storyboard in Resources */,
			);
			runOnlyForDeploymentPostprocessing = 0;
		};
		27A2ED0018B4229F00D7D6D7 /* Resources */ = {
			isa = PBXResourcesBuildPhase;
			buildActionMask = 2147483647;
			files = (
				27A2ED0E18B4229F00D7D6D7 /* InfoPlist.strings in Resources */,
			);
			runOnlyForDeploymentPostprocessing = 0;
		};
/* End PBXResourcesBuildPhase section */

/* Begin PBXSourcesBuildPhase section */
		27A2ECDD18B4229F00D7D6D7 /* Sources */ = {
			isa = PBXSourcesBuildPhase;
			buildActionMask = 2147483647;
			files = (
				27A2ECFB18B4229F00D7D6D7 /* ViewController.m in Sources */,
				27A3BA5E18B4398400AF669C /* MKStoreManager.m in Sources */,
				27A2ECF518B4229F00D7D6D7 /* AppDelegate.m in Sources */,
				27A3BA5B18B4397600AF669C /* MKStoreHandler.m in Sources */,
				27A2ECF118B4229F00D7D6D7 /* main.m in Sources */,
			);
			runOnlyForDeploymentPostprocessing = 0;
		};
		27A2ECFE18B4229F00D7D6D7 /* Sources */ = {
			isa = PBXSourcesBuildPhase;
			buildActionMask = 2147483647;
			files = (
				27A2ED1018B4229F00D7D6D7 /* accelerometersampleTests.m in Sources */,
			);
			runOnlyForDeploymentPostprocessing = 0;
		};
/* End PBXSourcesBuildPhase section */

/* Begin PBXTargetDependency section */
		27A2ED0818B4229F00D7D6D7 /* PBXTargetDependency */ = {
			isa = PBXTargetDependency;
			target = 27A2ECE018B4229F00D7D6D7 /* accelerometersample */;
			targetProxy = 27A2ED0718B4229F00D7D6D7 /* PBXContainerItemProxy */;
		};
/* End PBXTargetDependency section */

/* Begin PBXVariantGroup section */
		27A2ECED18B4229F00D7D6D7 /* InfoPlist.strings */ = {
			isa = PBXVariantGroup;
			children = (
				27A2ECEE18B4229F00D7D6D7 /* en */,
			);
			name = InfoPlist.strings;
			sourceTree = "<group>";
		};
		27A2ECF618B4229F00D7D6D7 /* Main.storyboard */ = {
			isa = PBXVariantGroup;
			children = (
				27A2ECF718B4229F00D7D6D7 /* Base */,
			);
			name = Main.storyboard;
			sourceTree = "<group>";
		};
		27A2ED0C18B4229F00D7D6D7 /* InfoPlist.strings */ = {
			isa = PBXVariantGroup;
			children = (
				27A2ED0D18B4229F00D7D6D7 /* en */,
			);
			name = InfoPlist.strings;
			sourceTree = "<group>";
		};
/* End PBXVariantGroup section */

/* Begin XCBuildConfiguration section */
		27A2ED1118B4229F00D7D6D7 /* Debug */ = {
			isa = XCBuildConfiguration;
			buildSettings = {
				ALWAYS_SEARCH_USER_PATHS = NO;
				ARCHS = "$(ARCHS_STANDARD_INCLUDING_64_BIT)";
				CLANG_CXX_LANGUAGE_STANDARD = "gnu++0x";
				CLANG_CXX_LIBRARY = "libc++";
				CLANG_ENABLE_MODULES = YES;
				CLANG_ENABLE_OBJC_ARC = YES;
				CLANG_WARN_BOOL_CONVERSION = YES;
				CLANG_WARN_CONSTANT_CONVERSION = YES;
				CLANG_WARN_DIRECT_OBJC_ISA_USAGE = YES_ERROR;
				CLANG_WARN_EMPTY_BODY = YES;
				CLANG_WARN_ENUM_CONVERSION = YES;
				CLANG_WARN_INT_CONVERSION = YES;
				CLANG_WARN_OBJC_ROOT_CLASS = YES_ERROR;
				CLANG_WARN__DUPLICATE_METHOD_MATCH = YES;
				"CODE_SIGN_IDENTITY[sdk=iphoneos*]" = "iPhone Developer";
				COPY_PHASE_STRIP = NO;
				GCC_C_LANGUAGE_STANDARD = gnu99;
				GCC_DYNAMIC_NO_PIC = NO;
				GCC_OPTIMIZATION_LEVEL = 0;
				GCC_PREPROCESSOR_DEFINITIONS = (
					"DEBUG=1",
					"$(inherited)",
				);
				GCC_SYMBOLS_PRIVATE_EXTERN = NO;
				GCC_WARN_64_TO_32_BIT_CONVERSION = YES;
				GCC_WARN_ABOUT_RETURN_TYPE = YES_ERROR;
				GCC_WARN_UNDECLARED_SELECTOR = YES;
				GCC_WARN_UNINITIALIZED_AUTOS = YES;
				GCC_WARN_UNUSED_FUNCTION = YES;
				GCC_WARN_UNUSED_VARIABLE = YES;
				IPHONEOS_DEPLOYMENT_TARGET = 7.0;
				ONLY_ACTIVE_ARCH = YES;
				SDKROOT = iphoneos;
			};
			name = Debug;
		};
		27A2ED1218B4229F00D7D6D7 /* Release */ = {
			isa = XCBuildConfiguration;
			buildSettings = {
				ALWAYS_SEARCH_USER_PATHS = NO;
				ARCHS = "$(ARCHS_STANDARD_INCLUDING_64_BIT)";
				CLANG_CXX_LANGUAGE_STANDARD = "gnu++0x";
				CLANG_CXX_LIBRARY = "libc++";
				CLANG_ENABLE_MODULES = YES;
				CLANG_ENABLE_OBJC_ARC = YES;
				CLANG_WARN_BOOL_CONVERSION = YES;
				CLANG_WARN_CONSTANT_CONVERSION = YES;
				CLANG_WARN_DIRECT_OBJC_ISA_USAGE = YES_ERROR;
				CLANG_WARN_EMPTY_BODY = YES;
				CLANG_WARN_ENUM_CONVERSION = YES;
				CLANG_WARN_INT_CONVERSION = YES;
				CLANG_WARN_OBJC_ROOT_CLASS = YES_ERROR;
				CLANG_WARN__DUPLICATE_METHOD_MATCH = YES;
				"CODE_SIGN_IDENTITY[sdk=iphoneos*]" = "iPhone Developer";
				COPY_PHASE_STRIP = YES;
				ENABLE_NS_ASSERTIONS = NO;
				GCC_C_LANGUAGE_STANDARD = gnu99;
				GCC_WARN_64_TO_32_BIT_CONVERSION = YES;
				GCC_WARN_ABOUT_RETURN_TYPE = YES_ERROR;
				GCC_WARN_UNDECLARED_SELECTOR = YES;
				GCC_WARN_UNINITIALIZED_AUTOS = YES;
				GCC_WARN_UNUSED_FUNCTION = YES;
				GCC_WARN_UNUSED_VARIABLE = YES;
				IPHONEOS_DEPLOYMENT_TARGET = 7.0;
				SDKROOT = iphoneos;
				VALIDATE_PRODUCT = YES;
			};
			name = Release;
		};
		27A2ED1418B4229F00D7D6D7 /* Debug */ = {
			isa = XCBuildConfiguration;
			buildSettings = {
				ASSETCATALOG_COMPILER_APPICON_NAME = AppIcon;
				ASSETCATALOG_COMPILER_LAUNCHIMAGE_NAME = LaunchImage;
				CODE_SIGN_IDENTITY = "iPhone Developer";
				GCC_PRECOMPILE_PREFIX_HEADER = YES;
				GCC_PREFIX_HEADER = "accelerometersample/accelerometersample-Prefix.pch";
				INFOPLIST_FILE = "accelerometersample/accelerometersample-Info.plist";
				PRODUCT_NAME = "$(TARGET_NAME)";
				WRAPPER_EXTENSION = app;
			};
			name = Debug;
		};
		27A2ED1518B4229F00D7D6D7 /* Release */ = {
			isa = XCBuildConfiguration;
			buildSettings = {
				ASSETCATALOG_COMPILER_APPICON_NAME = AppIcon;
				ASSETCATALOG_COMPILER_LAUNCHIMAGE_NAME = LaunchImage;
				CODE_SIGN_IDENTITY = "iPhone Developer";
				GCC_PRECOMPILE_PREFIX_HEADER = YES;
				GCC_PREFIX_HEADER = "accelerometersample/accelerometersample-Prefix.pch";
				INFOPLIST_FILE = "accelerometersample/accelerometersample-Info.plist";
				PRODUCT_NAME = "$(TARGET_NAME)";
				WRAPPER_EXTENSION = app;
			};
			name = Release;
		};
		27A2ED1718B4229F00D7D6D7 /* Debug */ = {
			isa = XCBuildConfiguration;
			buildSettings = {
				ARCHS = "$(ARCHS_STANDARD_INCLUDING_64_BIT)";
				BUNDLE_LOADER = "$(BUILT_PRODUCTS_DIR)/accelerometersample.app/accelerometersample";
				FRAMEWORK_SEARCH_PATHS = (
					"$(SDKROOT)/Developer/Library/Frameworks",
					"$(inherited)",
					"$(DEVELOPER_FRAMEWORKS_DIR)",
				);
				GCC_PRECOMPILE_PREFIX_HEADER = YES;
				GCC_PREFIX_HEADER = "accelerometersample/accelerometersample-Prefix.pch";
				GCC_PREPROCESSOR_DEFINITIONS = (
					"DEBUG=1",
					"$(inherited)",
				);
				INFOPLIST_FILE = "accelerometersampleTests/accelerometersampleTests-Info.plist";
				PRODUCT_NAME = "$(TARGET_NAME)";
				TEST_HOST = "$(BUNDLE_LOADER)";
				WRAPPER_EXTENSION = xctest;
			};
			name = Debug;
		};
		27A2ED1818B4229F00D7D6D7 /* Release */ = {
			isa = XCBuildConfiguration;
			buildSettings = {
				ARCHS = "$(ARCHS_STANDARD_INCLUDING_64_BIT)";
				BUNDLE_LOADER = "$(BUILT_PRODUCTS_DIR)/accelerometersample.app/accelerometersample";
				FRAMEWORK_SEARCH_PATHS = (
					"$(SDKROOT)/Developer/Library/Frameworks",
					"$(inherited)",
					"$(DEVELOPER_FRAMEWORKS_DIR)",
				);
				GCC_PRECOMPILE_PREFIX_HEADER = YES;
				GCC_PREFIX_HEADER = "accelerometersample/accelerometersample-Prefix.pch";
				INFOPLIST_FILE = "accelerometersampleTests/accelerometersampleTests-Info.plist";
				PRODUCT_NAME = "$(TARGET_NAME)";
				TEST_HOST = "$(BUNDLE_LOADER)";
				WRAPPER_EXTENSION = xctest;
			};
			name = Release;
		};
/* End XCBuildConfiguration section */

/* Begin XCConfigurationList section */
		27A2ECDC18B4229F00D7D6D7 /* Build configuration list for PBXProject "accelerometersample" */ = {
			isa = XCConfigurationList;
			buildConfigurations = (
				27A2ED1118B4229F00D7D6D7 /* Debug */,
				27A2ED1218B4229F00D7D6D7 /* Release */,
			);
			defaultConfigurationIsVisible = 0;
			defaultConfigurationName = Release;
		};
		27A2ED1318B4229F00D7D6D7 /* Build configuration list for PBXNativeTarget "accelerometersample" */ = {
			isa = XCConfigurationList;
			buildConfigurations = (
				27A2ED1418B4229F00D7D6D7 /* Debug */,
				27A2ED1518B4229F00D7D6D7 /* Release */,
			);
			defaultConfigurationIsVisible = 0;
			defaultConfigurationName = Release;
		};
		27A2ED1618B4229F00D7D6D7 /* Build configuration list for PBXNativeTarget "accelerometersampleTests" */ = {
			isa = XCConfigurationList;
			buildConfigurations = (
				27A2ED1718B4229F00D7D6D7 /* Debug */,
				27A2ED1818B4229F00D7D6D7 /* Release */,
			);
			defaultConfigurationIsVisible = 0;
			defaultConfigurationName = Release;
		};
/* End XCConfigurationList section */
	};
	rootObject = 27A2ECD918B4229F00D7D6D7 /* Project object */;
}
